
Microsoft Visual Studio Solution File, Format Version 12.00
# Visual Studio 2012
Project("{FAE04EC0-301F-11D3-BF4B-00C04F79EFBC}") = "TinyProfiler", "TinyProfiler.csproj", "{692EE3EF-B3A8-497A-8788-BDBFDB1C29D9}"
EndProject
Project("{FAE04EC0-301F-11D3-BF4B-00C04F79EFBC}") = "TinyProfiler.UnitTests", "..\TinyProfiler.UnitTests\TinyProfiler.UnitTests.csproj", "{769F9BC9-ABC6-4D6F-8052-D808E605E129}"
EndProject
Global
	GlobalSection(SolutionConfigurationPlatforms) = preSolution
		Debug|Any CPU = Debug|Any CPU
		Release|Any CPU = Release|Any CPU
	EndGlobalSection
	GlobalSection(ProjectConfigurationPlatforms) = postSolution
		{692EE3EF-B3A8-497A-8788-BDBFDB1C29D9}.Debug|Any CPU.ActiveCfg = Debug|Any CPU
		{692EE3EF-B3A8-497A-8788-BDBFDB1C29D9}.Debug|Any CPU.Build.0 = Debug|Any CPU
		{692EE3EF-B3A8-497A-8788-BDBFDB1C29D9}.Release|Any CPU.ActiveCfg = Release|Any CPU
		{692EE3EF-B3A8-497A-8788-BDBFDB1C29D9}.Release|Any CPU.Build.0 = Release|Any CPU
		{769F9BC9-ABC6-4D6F-8052-D808E605E129}.Debug|Any CPU.ActiveCfg = Debug|Any CPU
		{769F9BC9-ABC6-4D6F-8052-D808E605E129}.Debug|Any CPU.Build.0 = Debug|Any CPU
		{769F9BC9-ABC6-4D6F-8052-D808E605E129}.Release|Any CPU.ActiveCfg = Release|Any CPU
		{769F9BC9-ABC6-4D6F-8052-D808E605E129}.Release|Any CPU.Build.0 = Release|Any CPU
	EndGlobalSection
	GlobalSection(SolutionProperties) = preSolution
		HideSolutionNode = FALSE
	EndGlobalSection
EndGlobal
